
Microsoft Visual Studio Solution File, Format Version 12.00
# Visual Studio Version 16
VisualStudioVersion = 16.0.33328.57
MinimumVisualStudioVersion = 10.0.40219.1
Project("{FAE04EC0-301F-11D3-BF4B-00C04F79EFBC}") = "NamingConventions", "NamingConventions\NamingConventions.csproj", "{B76A9670-7387-456B-938F-835DF973F8F6}"
EndProject
Project("{FAE04EC0-301F-11D3-BF4B-00C04F79EFBC}") = "CodeSmell", "CodeSmell\CodeSmell.csproj", "{51E902AB-E26A-4819-8A08-F234FC2F3646}"
EndProject
Global
	GlobalSection(SolutionConfigurationPlatforms) = preSolution
		Debug|Any CPU = Debug|Any CPU
		Release|Any CPU = Release|Any CPU
	EndGlobalSection
	GlobalSection(ProjectConfigurationPlatforms) = postSolution
		{B76A9670-7387-456B-938F-835DF973F8F6}.Debug|Any CPU.ActiveCfg = Debug|Any CPU
		{B76A9670-7387-456B-938F-835DF973F8F6}.Debug|Any CPU.Build.0 = Debug|Any CPU
		{B76A9670-7387-456B-938F-835DF973F8F6}.Release|Any CPU.ActiveCfg = Release|Any CPU
		{B76A9670-7387-456B-938F-835DF973F8F6}.Release|Any CPU.Build.0 = Release|Any CPU
		{51E902AB-E26A-4819-8A08-F234FC2F3646}.Debug|Any CPU.ActiveCfg = Debug|Any CPU
		{51E902AB-E26A-4819-8A08-F234FC2F3646}.Debug|Any CPU.Build.0 = Debug|Any CPU
		{51E902AB-E26A-4819-8A08-F234FC2F3646}.Release|Any CPU.ActiveCfg = Release|Any CPU
		{51E902AB-E26A-4819-8A08-F234FC2F3646}.Release|Any CPU.Build.0 = Release|Any CPU
	EndGlobalSection
	GlobalSection(SolutionProperties) = preSolution
		HideSolutionNode = FALSE
	EndGlobalSection
	GlobalSection(ExtensibilityGlobals) = postSolution
		SolutionGuid = {129EBE6C-718F-4CFB-BD5B-F164B3019F9A}
	EndGlobalSection
EndGlobal
